# THIS IS AN AUTOGENERATED FILE. DO NOT EDIT THIS FILE DIRECTLY.
# yarn lockfile v1


chart.js@^3.0.0:
  version "3.9.1"
  resolved "https://registry.yarnpkg.com/chart.js/-/chart.js-3.9.1.tgz#3abf2c775169c4c71217a107163ac708515924b8"
  integrity sha512-Ro2JbLmvg83gXF5F4sniaQ+lTbSv18E+TIf2cOeiH1Iqd2PGFOtem+DUufMZsCJwFE7ywPOpfXFBwRTGq7dh6w==

extend@3.0.2:
  version "3.0.2"
  resolved "https://registry.yarnpkg.com/extend/-/extend-3.0.2.tgz#f8b1136b4071fbd8eb140aff858b1019ec2915fa"
  integrity sha512-fjquC59cD7CyW6urNXK0FBufkZcoiGG80wTuPujX590cB5Ttln20E2UB4S/WARVqhXffZl2LNgS+gQdPIIim/g==

mdn-browser-compat-data@0.0.77:
  version "0.0.77"
  resolved "https://registry.yarnpkg.com/mdn-browser-compat-data/-/mdn-browser-compat-data-0.0.77.tgz#5ff115fc734887b8417f98f4627ab5ed0c945414"
  integrity sha512-pfpsUTAnINNKp719Fy1jufXqGrZ1DE1JOS2Rs0Gw6b0VxArku1+N/BnRmSaFz2Dp5yrXXQikMuO65n91Qn329Q==
  dependencies:
    extend "3.0.2"
